// !$*UTF8*$!
{
	archiveVersion = 1;
	classes = {};
	objectVersion = 56;
	objects = {
		3B184732FA5D60971F4988AC /* ContentView.swift in Sources */ = {isa = PBXBuildFile; fileRef = 8BF5DA277F5FC133E342046B /* ContentView.swift */; };
		183657AF964E311031D05C53 /* QuietFactoryApp.swift in Sources */ = {isa = PBXBuildFile; fileRef = A552E71334A2B87288BEA8F7 /* QuietFactoryApp.swift */; };
		F93A2B0AEF05A5321923AD32 /* BoardState.swift in Sources */ = {isa = PBXBuildFile; fileRef = 5898EB92C0B146A8B57889CB /* BoardState.swift */; };
		621C388D81B20D474B1ED402 /* ConveyorState.swift in Sources */ = {isa = PBXBuildFile; fileRef = BC1A4DA7F040E509C0C92EC9 /* ConveyorState.swift */; };
		A3E1FACC06506C04D3ADD6A9 /* Crate.swift in Sources */ = {isa = PBXBuildFile; fileRef = B312CC3E2F6D20F3F9C5367E /* Crate.swift */; };
		26297D5FE17D0B40760A94E5 /* CrateColor.swift in Sources */ = {isa = PBXBuildFile; fileRef = DD836B3855690F68494F5C85 /* CrateColor.swift */; };
		DBD100411AD2A726F96AF56A /* CrateID.swift in Sources */ = {isa = PBXBuildFile; fileRef = 99070050F7DF37CBED8A0444 /* CrateID.swift */; };
		BDBDE650D395DD135D4EAD9A /* GameEngine.swift in Sources */ = {isa = PBXBuildFile; fileRef = E252CA8A9C062FA9298B839D /* GameEngine.swift */; };
		5E497B2C6382F4D0A2DAF792 /* GameSession.swift in Sources */ = {isa = PBXBuildFile; fileRef = D3FE28ACFF79A6FC61727E26 /* GameSession.swift */; };
		97FA1CC483395AFCD81BCD6D /* GameState.swift in Sources */ = {isa = PBXBuildFile; fileRef = 7F7DC831C32EEEFF8AB91479 /* GameState.swift */; };
		17CD1D1E2AE10554659E2273 /* GridPosition.swift in Sources */ = {isa = PBXBuildFile; fileRef = 215D740F47949565A235B64E /* GridPosition.swift */; };
		D4856A6EDD9C3825E35D67E6 /* LevelCatalog.swift in Sources */ = {isa = PBXBuildFile; fileRef = 8D4446594E1747059B909E0A /* LevelCatalog.swift */; };
		1DE664446A23B2D8580DD5E0 /* LevelDefinition.swift in Sources */ = {isa = PBXBuildFile; fileRef = 4EED69479D8E8AB03258BB93 /* LevelDefinition.swift */; };
		0EFD668C7F60B152FC325C28 /* LevelSolver.swift in Sources */ = {isa = PBXBuildFile; fileRef = C15BB65EFEC780796C4D5207 /* LevelSolver.swift */; };
		6072AFC1F8E77EAA2DDD8FA3 /* Move.swift in Sources */ = {isa = PBXBuildFile; fileRef = 5DC32B495AD439CDC6210283 /* Move.swift */; };
		892804E31C4C14E9C7A82026 /* MoveDirection.swift in Sources */ = {isa = PBXBuildFile; fileRef = 86F6D37723FB47EAA43EDD93 /* MoveDirection.swift */; };
		57E099C9853DAD7C3A3DE275 /* GameScene.swift in Sources */ = {isa = PBXBuildFile; fileRef = ABB43F3259388DADCBB752FC /* GameScene.swift */; };
		77466D8FDAF02293D5E6C33E /* AudioManager.swift in Sources */ = {isa = PBXBuildFile; fileRef = 051C718163C4AB58E5630B6E /* AudioManager.swift */; };
		98D7A0878CD181A7904E6EA5 /* HapticsManager.swift in Sources */ = {isa = PBXBuildFile; fileRef = 47AF0A3AF468A6F309366375 /* HapticsManager.swift */; };
		6CD081B9F4ADE8FDF53DA313 /* GameEngineTests.swift in Sources */ = {isa = PBXBuildFile; fileRef = FDB48ABA87EA65684E6278E7 /* GameEngineTests.swift */; };
		5B0D864BD0A5C80A44B292AA /* PBXContainerItemProxy */ = {isa = PBXContainerItemProxy; containerPortal = 46F86FAA6BBF9AC94A7E4595 /* Project object */; proxyType = 1; remoteGlobalIDString = 6439CF22188FA14BBD363342; remoteInfo = QuietFactory; };
		7BCCADA3021C07D12E775CB5 /* QuietFactory.app */ = {isa = PBXFileReference; explicitFileType = wrapper.application; includeInIndex = 0; path = QuietFactory.app; sourceTree = BUILT_PRODUCTS_DIR; };
		195F9293022CEE80C9E8D0C0 /* QuietFactoryTests.xctest */ = {isa = PBXFileReference; explicitFileType = wrapper.cfbundle; includeInIndex = 0; path = QuietFactoryTests.xctest; sourceTree = BUILT_PRODUCTS_DIR; };
		6562F23DEC0DBDA78A04B4B8 /* Info.plist */ = {isa = PBXFileReference; lastKnownFileType = text.plist.xml; path = Info.plist; sourceTree = "<group>"; };
		8BF5DA277F5FC133E342046B /* ContentView.swift */ = {isa = PBXFileReference; lastKnownFileType = sourcecode.swift; path = ContentView.swift; sourceTree = "<group>"; };
		A552E71334A2B87288BEA8F7 /* QuietFactoryApp.swift */ = {isa = PBXFileReference; lastKnownFileType = sourcecode.swift; path = QuietFactoryApp.swift; sourceTree = "<group>"; };
		5898EB92C0B146A8B57889CB /* BoardState.swift */ = {isa = PBXFileReference; lastKnownFileType = sourcecode.swift; path = BoardState.swift; sourceTree = "<group>"; };
		BC1A4DA7F040E509C0C92EC9 /* ConveyorState.swift */ = {isa = PBXFileReference; lastKnownFileType = sourcecode.swift; path = ConveyorState.swift; sourceTree = "<group>"; };
		B312CC3E2F6D20F3F9C5367E /* Crate.swift */ = {isa = PBXFileReference; lastKnownFileType = sourcecode.swift; path = Crate.swift; sourceTree = "<group>"; };
		DD836B3855690F68494F5C85 /* CrateColor.swift */ = {isa = PBXFileReference; lastKnownFileType = sourcecode.swift; path = CrateColor.swift; sourceTree = "<group>"; };
		99070050F7DF37CBED8A0444 /* CrateID.swift */ = {isa = PBXFileReference; lastKnownFileType = sourcecode.swift; path = CrateID.swift; sourceTree = "<group>"; };
		E252CA8A9C062FA9298B839D /* GameEngine.swift */ = {isa = PBXFileReference; lastKnownFileType = sourcecode.swift; path = GameEngine.swift; sourceTree = "<group>"; };
		D3FE28ACFF79A6FC61727E26 /* GameSession.swift */ = {isa = PBXFileReference; lastKnownFileType = sourcecode.swift; path = GameSession.swift; sourceTree = "<group>"; };
		7F7DC831C32EEEFF8AB91479 /* GameState.swift */ = {isa = PBXFileReference; lastKnownFileType = sourcecode.swift; path = GameState.swift; sourceTree = "<group>"; };
		215D740F47949565A235B64E /* GridPosition.swift */ = {isa = PBXFileReference; lastKnownFileType = sourcecode.swift; path = GridPosition.swift; sourceTree = "<group>"; };
		8D4446594E1747059B909E0A /* LevelCatalog.swift */ = {isa = PBXFileReference; lastKnownFileType = sourcecode.swift; path = LevelCatalog.swift; sourceTree = "<group>"; };
		4EED69479D8E8AB03258BB93 /* LevelDefinition.swift */ = {isa = PBXFileReference; lastKnownFileType = sourcecode.swift; path = LevelDefinition.swift; sourceTree = "<group>"; };
		C15BB65EFEC780796C4D5207 /* LevelSolver.swift */ = {isa = PBXFileReference; lastKnownFileType = sourcecode.swift; path = LevelSolver.swift; sourceTree = "<group>"; };
		5DC32B495AD439CDC6210283 /* Move.swift */ = {isa = PBXFileReference; lastKnownFileType = sourcecode.swift; path = Move.swift; sourceTree = "<group>"; };
		86F6D37723FB47EAA43EDD93 /* MoveDirection.swift */ = {isa = PBXFileReference; lastKnownFileType = sourcecode.swift; path = MoveDirection.swift; sourceTree = "<group>"; };
		ABB43F3259388DADCBB752FC /* GameScene.swift */ = {isa = PBXFileReference; lastKnownFileType = sourcecode.swift; path = GameScene.swift; sourceTree = "<group>"; };
		051C718163C4AB58E5630B6E /* AudioManager.swift */ = {isa = PBXFileReference; lastKnownFileType = sourcecode.swift; path = AudioManager.swift; sourceTree = "<group>"; };
		47AF0A3AF468A6F309366375 /* HapticsManager.swift */ = {isa = PBXFileReference; lastKnownFileType = sourcecode.swift; path = HapticsManager.swift; sourceTree = "<group>"; };
		FDB48ABA87EA65684E6278E7 /* GameEngineTests.swift */ = {isa = PBXFileReference; lastKnownFileType = sourcecode.swift; path = GameEngineTests.swift; sourceTree = "<group>"; };
		56BAF137DAAFD967197255D3 /* Frameworks */ = {isa = PBXFrameworksBuildPhase; buildActionMask = 2147483647; files = (); runOnlyForDeploymentPostprocessing = 0; };
		72EAF812E2D653AC0BDA8C73 /* Frameworks */ = {isa = PBXFrameworksBuildPhase; buildActionMask = 2147483647; files = (); runOnlyForDeploymentPostprocessing = 0; };
		175C932161BEBF3B8BB1F58C /* Frameworks */ = {isa = PBXGroup; children = (); name = Frameworks; sourceTree = "<group>"; };
		BF7A2D27A78D590BDEF15AF2 /* Products */ = {isa = PBXGroup; children = (7BCCADA3021C07D12E775CB5 /* QuietFactory.app */, 195F9293022CEE80C9E8D0C0 /* QuietFactoryTests.xctest */, ); name = Products; sourceTree = "<group>"; };
		FE910D29D648D8F2EA669AEF /* App */ = {isa = PBXGroup; children = (8BF5DA277F5FC133E342046B /* ContentView.swift */, A552E71334A2B87288BEA8F7 /* QuietFactoryApp.swift */, ); path = App; sourceTree = "<group>"; };
		EB75F472A29AD217D5461220 /* GameCore */ = {isa = PBXGroup; children = (5898EB92C0B146A8B57889CB /* BoardState.swift */, BC1A4DA7F040E509C0C92EC9 /* ConveyorState.swift */, B312CC3E2F6D20F3F9C5367E /* Crate.swift */, DD836B3855690F68494F5C85 /* CrateColor.swift */, 99070050F7DF37CBED8A0444 /* CrateID.swift */, E252CA8A9C062FA9298B839D /* GameEngine.swift */, D3FE28ACFF79A6FC61727E26 /* GameSession.swift */, 7F7DC831C32EEEFF8AB91479 /* GameState.swift */, 215D740F47949565A235B64E /* GridPosition.swift */, 8D4446594E1747059B909E0A /* LevelCatalog.swift */, 4EED69479D8E8AB03258BB93 /* LevelDefinition.swift */, C15BB65EFEC780796C4D5207 /* LevelSolver.swift */, 5DC32B495AD439CDC6210283 /* Move.swift */, 86F6D37723FB47EAA43EDD93 /* MoveDirection.swift */, ); path = GameCore; sourceTree = "<group>"; };
		50C01A7099BBE8D26AB142FF /* GameScene */ = {isa = PBXGroup; children = (ABB43F3259388DADCBB752FC /* GameScene.swift */, ); path = GameScene; sourceTree = "<group>"; };
		AD70DE73CF4DAFD344A1AA7C /* Audio */ = {isa = PBXGroup; children = (051C718163C4AB58E5630B6E /* AudioManager.swift */, 47AF0A3AF468A6F309366375 /* HapticsManager.swift */, ); path = Audio; sourceTree = "<group>"; };
		095FEE2E633C50D24407F2D6 /* QuietFactory */ = {isa = PBXGroup; children = (FE910D29D648D8F2EA669AEF /* App */, EB75F472A29AD217D5461220 /* GameCore */, 50C01A7099BBE8D26AB142FF /* GameScene */, AD70DE73CF4DAFD344A1AA7C /* Audio */, 6562F23DEC0DBDA78A04B4B8 /* Info.plist */, ); path = QuietFactory; sourceTree = "<group>"; };
		516831D832DDC7318520265A /* QuietFactoryTests */ = {isa = PBXGroup; children = (FDB48ABA87EA65684E6278E7 /* GameEngineTests.swift */, ); path = QuietFactoryTests; sourceTree = "<group>"; };
		5928955287B8089ED2177128 = {isa = PBXGroup; children = (095FEE2E633C50D24407F2D6 /* QuietFactory */, 516831D832DDC7318520265A /* QuietFactoryTests */, BF7A2D27A78D590BDEF15AF2 /* Products */, 175C932161BEBF3B8BB1F58C /* Frameworks */, ); sourceTree = "<group>"; };
		6439CF22188FA14BBD363342 /* QuietFactory */ = {isa = PBXNativeTarget; buildConfigurationList = E850913E5F419DF1836B1B18 /* Build configuration list for PBXNativeTarget "QuietFactory" */; buildPhases = (869AA75568406BC6181D282D /* Sources */, 56BAF137DAAFD967197255D3 /* Frameworks */, 77417434AB4C68AD87C05857 /* Resources */, ); buildRules = (); dependencies = (); name = QuietFactory; productName = QuietFactory; productReference = 7BCCADA3021C07D12E775CB5 /* QuietFactory.app */; productType = "com.apple.product-type.application"; };
		BA128F9D3C0D15FFB32AEEA8 /* QuietFactoryTests */ = {isa = PBXNativeTarget; buildConfigurationList = 48EA9C817F74F26250070E59 /* Build configuration list for PBXNativeTarget "QuietFactoryTests" */; buildPhases = (6E010B3D85AA514D3FB28B7F /* Sources */, 72EAF812E2D653AC0BDA8C73 /* Frameworks */, ); buildRules = (); dependencies = (0899665CB70B51364FD3EACC /* PBXTargetDependency */, ); name = QuietFactoryTests; productName = QuietFactoryTests; productReference = 195F9293022CEE80C9E8D0C0 /* QuietFactoryTests.xctest */; productType = "com.apple.product-type.bundle.unit-test"; };
		46F86FAA6BBF9AC94A7E4595 /* Project object */ = {isa = PBXProject; attributes = {LastSwiftUpdateCheck = 1500; LastUpgradeCheck = 1500; TargetAttributes = {BA128F9D3C0D15FFB32AEEA8 = {CreatedOnToolsVersion = 15.0; TestTargetID = 6439CF22188FA14BBD363342; }; }; }; buildConfigurationList = 9D908D8792E5642B2623649E /* Build configuration list for PBXProject "QuietFactory" */; compatibilityVersion = "Xcode 14.0"; developmentRegion = en; hasScannedForEncodings = 0; knownRegions = (en, Base, ); mainGroup = 5928955287B8089ED2177128; productRefGroup = BF7A2D27A78D590BDEF15AF2 /* Products */; projectDirPath = ""; projectRoot = ""; targets = (6439CF22188FA14BBD363342 /* QuietFactory */, BA128F9D3C0D15FFB32AEEA8 /* QuietFactoryTests */, ); };
		77417434AB4C68AD87C05857 /* Resources */ = {isa = PBXResourcesBuildPhase; buildActionMask = 2147483647; files = (); runOnlyForDeploymentPostprocessing = 0; };
		869AA75568406BC6181D282D /* Sources */ = {isa = PBXSourcesBuildPhase; buildActionMask = 2147483647; files = (3B184732FA5D60971F4988AC /* ContentView.swift in Sources */, 183657AF964E311031D05C53 /* QuietFactoryApp.swift in Sources */, F93A2B0AEF05A5321923AD32 /* BoardState.swift in Sources */, 621C388D81B20D474B1ED402 /* ConveyorState.swift in Sources */, A3E1FACC06506C04D3ADD6A9 /* Crate.swift in Sources */, 26297D5FE17D0B40760A94E5 /* CrateColor.swift in Sources */, DBD100411AD2A726F96AF56A /* CrateID.swift in Sources */, BDBDE650D395DD135D4EAD9A /* GameEngine.swift in Sources */, 5E497B2C6382F4D0A2DAF792 /* GameSession.swift in Sources */, 97FA1CC483395AFCD81BCD6D /* GameState.swift in Sources */, 17CD1D1E2AE10554659E2273 /* GridPosition.swift in Sources */, D4856A6EDD9C3825E35D67E6 /* LevelCatalog.swift in Sources */, 1DE664446A23B2D8580DD5E0 /* LevelDefinition.swift in Sources */, 0EFD668C7F60B152FC325C28 /* LevelSolver.swift in Sources */, 6072AFC1F8E77EAA2DDD8FA3 /* Move.swift in Sources */, 892804E31C4C14E9C7A82026 /* MoveDirection.swift in Sources */, 57E099C9853DAD7C3A3DE275 /* GameScene.swift in Sources */, 77466D8FDAF02293D5E6C33E /* AudioManager.swift in Sources */, 98D7A0878CD181A7904E6EA5 /* HapticsManager.swift in Sources */, ); runOnlyForDeploymentPostprocessing = 0; };
		6E010B3D85AA514D3FB28B7F /* Sources */ = {isa = PBXSourcesBuildPhase; buildActionMask = 2147483647; files = (6CD081B9F4ADE8FDF53DA313 /* GameEngineTests.swift in Sources */, ); runOnlyForDeploymentPostprocessing = 0; };
		0899665CB70B51364FD3EACC /* PBXTargetDependency */ = {isa = PBXTargetDependency; target = 6439CF22188FA14BBD363342 /* QuietFactory */; targetProxy = 5B0D864BD0A5C80A44B292AA /* PBXContainerItemProxy */; };
		8EE6B6ADC095CDC56BE16A9E /* Debug */ = {isa = XCBuildConfiguration; buildSettings = {ALWAYS_SEARCH_USER_PATHS = NO;
CLANG_ENABLE_MODULES = YES;
CLANG_ENABLE_OBJC_ARC = YES;
COPY_PHASE_STRIP = NO;
DEBUG_INFORMATION_FORMAT = dwarf;
ENABLE_STRICT_OBJC_MSGSEND = YES;
GCC_DYNAMIC_NO_PIC = NO;
GCC_OPTIMIZATION_LEVEL = 0;
GCC_PREPROCESSOR_DEFINITIONS = (
	"DEBUG=1",
	"$(inherited)",
);
IPHONEOS_DEPLOYMENT_TARGET = 17.0;
MTL_ENABLE_DEBUG_INFO = INCLUDE_SOURCE;
ONLY_ACTIVE_ARCH = YES;
SDKROOT = iphoneos;
SWIFT_ACTIVE_COMPILATION_CONDITIONS = DEBUG;
SWIFT_OPTIMIZATION_LEVEL = "-Onone";}; name = Debug; };
		C25F4F6540DF31069317F7C3 /* Release */ = {isa = XCBuildConfiguration; buildSettings = {ALWAYS_SEARCH_USER_PATHS = NO;
CLANG_ENABLE_MODULES = YES;
CLANG_ENABLE_OBJC_ARC = YES;
COPY_PHASE_STRIP = NO;
DEBUG_INFORMATION_FORMAT = "dwarf-with-dsym";
ENABLE_NS_ASSERTIONS = NO;
ENABLE_STRICT_OBJC_MSGSEND = YES;
IPHONEOS_DEPLOYMENT_TARGET = 17.0;
MTL_ENABLE_DEBUG_INFO = NO;
SDKROOT = iphoneos;
SWIFT_COMPILATION_MODE = wholemodule;
VALIDATE_PRODUCT = YES;}; name = Release; };
		C6CDA4B6FD66A7F05D1ACD64 /* Debug */ = {isa = XCBuildConfiguration; buildSettings = {ASSETCATALOG_COMPILER_GENERATE_SWIFT_ASSET_SYMBOL_EXTENSIONS = NO;
CODE_SIGN_STYLE = Automatic;
CURRENT_PROJECT_VERSION = 1;
DEVELOPMENT_TEAM = "";
ENABLE_TESTABILITY = YES;
GENERATE_INFOPLIST_FILE = NO;
INFOPLIST_FILE = QuietFactory/Info.plist;
INFOPLIST_KEY_UIApplicationSceneManifest_Generation = YES;
INFOPLIST_KEY_UILaunchScreen_Generation = YES;
INFOPLIST_KEY_UISupportedInterfaceOrientations = UIInterfaceOrientationPortrait;
LD_RUNPATH_SEARCH_PATHS = (
	"$(inherited)",
	"@executable_path/Frameworks",
);
MARKETING_VERSION = 0.1.0;
PRODUCT_BUNDLE_IDENTIFIER = com.quietfactory.app;
PRODUCT_NAME = "$(TARGET_NAME)";
SUPPORTED_PLATFORMS = "iphoneos iphonesimulator";
SWIFT_EMIT_LOC_STRINGS = YES;
SWIFT_VERSION = 5.0;
TARGETED_DEVICE_FAMILY = "1,2";}; name = Debug; };
		C3D81280F6567D74515A67A7 /* Release */ = {isa = XCBuildConfiguration; buildSettings = {ASSETCATALOG_COMPILER_GENERATE_SWIFT_ASSET_SYMBOL_EXTENSIONS = NO;
CODE_SIGN_STYLE = Automatic;
CURRENT_PROJECT_VERSION = 1;
DEVELOPMENT_TEAM = "";
ENABLE_TESTABILITY = YES;
GENERATE_INFOPLIST_FILE = NO;
INFOPLIST_FILE = QuietFactory/Info.plist;
INFOPLIST_KEY_UIApplicationSceneManifest_Generation = YES;
INFOPLIST_KEY_UILaunchScreen_Generation = YES;
INFOPLIST_KEY_UISupportedInterfaceOrientations = UIInterfaceOrientationPortrait;
LD_RUNPATH_SEARCH_PATHS = (
	"$(inherited)",
	"@executable_path/Frameworks",
);
MARKETING_VERSION = 0.1.0;
PRODUCT_BUNDLE_IDENTIFIER = com.quietfactory.app;
PRODUCT_NAME = "$(TARGET_NAME)";
SUPPORTED_PLATFORMS = "iphoneos iphonesimulator";
SWIFT_EMIT_LOC_STRINGS = YES;
SWIFT_VERSION = 5.0;
TARGETED_DEVICE_FAMILY = "1,2";}; name = Release; };
		621385DDFDB50DB5DC3C7AFD /* Debug */ = {isa = XCBuildConfiguration; buildSettings = {BUNDLE_LOADER = "$(TEST_HOST)";
CODE_SIGN_STYLE = Automatic;
CURRENT_PROJECT_VERSION = 1;
DEVELOPMENT_TEAM = "";
GENERATE_INFOPLIST_FILE = YES;
IPHONEOS_DEPLOYMENT_TARGET = 17.0;
LD_RUNPATH_SEARCH_PATHS = (
	"$(inherited)",
	"@executable_path/Frameworks",
	"@loader_path/Frameworks",
);
MARKETING_VERSION = 0.1.0;
PRODUCT_BUNDLE_IDENTIFIER = com.quietfactory.app.tests;
PRODUCT_NAME = "$(TARGET_NAME)";
SUPPORTED_PLATFORMS = "iphoneos iphonesimulator";
SWIFT_EMIT_LOC_STRINGS = NO;
SWIFT_VERSION = 5.0;
TARGETED_DEVICE_FAMILY = "1,2";
TEST_HOST = "$(BUILT_PRODUCTS_DIR)/QuietFactory.app/$(BUNDLE_EXECUTABLE_FOLDER_PATH)/QuietFactory";
TEST_TARGET_NAME = QuietFactory;}; name = Debug; };
		0472651C93A265996FEFE4D2 /* Release */ = {isa = XCBuildConfiguration; buildSettings = {BUNDLE_LOADER = "$(TEST_HOST)";
CODE_SIGN_STYLE = Automatic;
CURRENT_PROJECT_VERSION = 1;
DEVELOPMENT_TEAM = "";
GENERATE_INFOPLIST_FILE = YES;
IPHONEOS_DEPLOYMENT_TARGET = 17.0;
LD_RUNPATH_SEARCH_PATHS = (
	"$(inherited)",
	"@executable_path/Frameworks",
	"@loader_path/Frameworks",
);
MARKETING_VERSION = 0.1.0;
PRODUCT_BUNDLE_IDENTIFIER = com.quietfactory.app.tests;
PRODUCT_NAME = "$(TARGET_NAME)";
SUPPORTED_PLATFORMS = "iphoneos iphonesimulator";
SWIFT_EMIT_LOC_STRINGS = NO;
SWIFT_VERSION = 5.0;
TARGETED_DEVICE_FAMILY = "1,2";
TEST_HOST = "$(BUILT_PRODUCTS_DIR)/QuietFactory.app/$(BUNDLE_EXECUTABLE_FOLDER_PATH)/QuietFactory";
TEST_TARGET_NAME = QuietFactory;}; name = Release; };
		9D908D8792E5642B2623649E /* Build configuration list for PBXProject "QuietFactory" */ = {isa = XCConfigurationList; buildConfigurations = (8EE6B6ADC095CDC56BE16A9E /* Debug */, C25F4F6540DF31069317F7C3 /* Release */, ); defaultConfigurationIsVisible = 0; defaultConfigurationName = Release; };
		E850913E5F419DF1836B1B18 /* Build configuration list for PBXNativeTarget "QuietFactory" */ = {isa = XCConfigurationList; buildConfigurations = (C6CDA4B6FD66A7F05D1ACD64 /* Debug */, C3D81280F6567D74515A67A7 /* Release */, ); defaultConfigurationIsVisible = 0; defaultConfigurationName = Release; };
		48EA9C817F74F26250070E59 /* Build configuration list for PBXNativeTarget "QuietFactoryTests" */ = {isa = XCConfigurationList; buildConfigurations = (621385DDFDB50DB5DC3C7AFD /* Debug */, 0472651C93A265996FEFE4D2 /* Release */, ); defaultConfigurationIsVisible = 0; defaultConfigurationName = Release; };
	};
	rootObject = 46F86FAA6BBF9AC94A7E4595 /* Project object */;
}
